
Microsoft Visual Studio Solution File, Format Version 12.00
# Visual Studio Version 17
VisualStudioVersion = 17.11.35327.3
MinimumVisualStudioVersion = 10.0.40219.1
Project("{FAE04EC0-301F-11D3-BF4B-00C04F79EFBC}") = "FokinClicker", "FokinClicker\FokinClicker.csproj", "{2343F6F8-3F2F-431B-8FDF-3A598B6302E5}"
EndProject
Global
	GlobalSection(SolutionConfigurationPlatforms) = preSolution
		Debug|Any CPU = Debug|Any CPU
		Release|Any CPU = Release|Any CPU
	EndGlobalSection
	GlobalSection(ProjectConfigurationPlatforms) = postSolution
		{2343F6F8-3F2F-431B-8FDF-3A598B6302E5}.Debug|Any CPU.ActiveCfg = Debug|Any CPU
		{2343F6F8-3F2F-431B-8FDF-3A598B6302E5}.Debug|Any CPU.Build.0 = Debug|Any CPU
		{2343F6F8-3F2F-431B-8FDF-3A598B6302E5}.Release|Any CPU.ActiveCfg = Release|Any CPU
		{2343F6F8-3F2F-431B-8FDF-3A598B6302E5}.Release|Any CPU.Build.0 = Release|Any CPU
	EndGlobalSection
	GlobalSection(SolutionProperties) = preSolution
		HideSolutionNode = FALSE
	EndGlobalSection
	GlobalSection(ExtensibilityGlobals) = postSolution
		SolutionGuid = {78858032-D6E9-49FE-A2F8-1B83B5BA1138}
	EndGlobalSection
EndGlobal
